
Microsoft Visual Studio Solution File, Format Version 12.00
# Visual Studio Version 17
VisualStudioVersion = 17.8.34601.278
MinimumVisualStudioVersion = 10.0.40219.1
Project("{FAE04EC0-301F-11D3-BF4B-00C04F79EFBC}") = "HTTP5125-Assignment2", "HTTP5125-Assignment2\HTTP5125-Assignment2.csproj", "{3555F0D6-21AE-428F-A80D-CC3F947CB94D}"
EndProject
Global
	GlobalSection(SolutionConfigurationPlatforms) = preSolution
		Debug|Any CPU = Debug|Any CPU
		Release|Any CPU = Release|Any CPU
	EndGlobalSection
	GlobalSection(ProjectConfigurationPlatforms) = postSolution
		{3555F0D6-21AE-428F-A80D-CC3F947CB94D}.Debug|Any CPU.ActiveCfg = Debug|Any CPU
		{3555F0D6-21AE-428F-A80D-CC3F947CB94D}.Debug|Any CPU.Build.0 = Debug|Any CPU
		{3555F0D6-21AE-428F-A80D-CC3F947CB94D}.Release|Any CPU.ActiveCfg = Release|Any CPU
		{3555F0D6-21AE-428F-A80D-CC3F947CB94D}.Release|Any CPU.Build.0 = Release|Any CPU
	EndGlobalSection
	GlobalSection(SolutionProperties) = preSolution
		HideSolutionNode = FALSE
	EndGlobalSection
	GlobalSection(ExtensibilityGlobals) = postSolution
		SolutionGuid = {960FDF78-5095-4BA1-B215-9DB59E894628}
	EndGlobalSection
EndGlobal
